
Microsoft Visual Studio Solution File, Format Version 12.00
# Visual Studio Version 17
VisualStudioVersion = 17.13.35507.96 d17.13
MinimumVisualStudioVersion = 10.0.40219.1
Project("{8BC9CEB8-8B4A-11D0-8D11-00A0C91BC942}") = "ShurikenConnect", "ShurikenConnect\ShurikenConnect.vcxproj", "{B6D00EA6-B481-4827-9CC1-AE7C358A1A41}"
EndProject
Global
	GlobalSection(SolutionConfigurationPlatforms) = preSolution
		Debug|x64 = Debug|x64
		Release|x64 = Release|x64
	EndGlobalSection
	GlobalSection(ProjectConfigurationPlatforms) = postSolution
		{B6D00EA6-B481-4827-9CC1-AE7C358A1A41}.Debug|x64.ActiveCfg = Debug|x64
		{B6D00EA6-B481-4827-9CC1-AE7C358A1A41}.Debug|x64.Build.0 = Debug|x64
		{B6D00EA6-B481-4827-9CC1-AE7C358A1A41}.Release|x64.ActiveCfg = Release|x64
		{B6D00EA6-B481-4827-9CC1-AE7C358A1A41}.Release|x64.Build.0 = Release|x64
	EndGlobalSection
	GlobalSection(SolutionProperties) = preSolution
		HideSolutionNode = FALSE
	EndGlobalSection
	GlobalSection(ExtensibilityGlobals) = postSolution
		SolutionGuid = {7167E9CA-19A9-4C29-A714-5AFF39C4B1A3}
	EndGlobalSection
EndGlobal
